// !$*UTF8*$!
{
	archiveVersion = 1;
	classes = {
	};
	objectVersion = 77;
	objects = {

/* Begin PBXBuildFile section */
		206121492DA96F84004BEC84 /* FirebaseMessaging in Frameworks */ = {isa = PBXBuildFile; productRef = 206121482DA96F84004BEC84 /* FirebaseMessaging */; };
		20C317252DA8F314005FBA05 /* OpenAPIRuntime in Frameworks */ = {isa = PBXBuildFile; productRef = 20C317242DA8F314005FBA05 /* OpenAPIRuntime */; };
		20C317282DA8F32C005FBA05 /* OpenAPIURLSession in Frameworks */ = {isa = PBXBuildFile; productRef = 20C317272DA8F32C005FBA05 /* OpenAPIURLSession */; };
		20C317322DA8F3FF005FBA05 /* RIBs in Frameworks */ = {isa = PBXBuildFile; productRef = 20C317312DA8F3FF005FBA05 /* RIBs */; };
		20C317352DA8F42C005FBA05 /* SnapKit in Frameworks */ = {isa = PBXBuildFile; productRef = 20C317342DA8F42C005FBA05 /* SnapKit */; };
		20C317612DA8F551005FBA05 /* VinUtility in Frameworks */ = {isa = PBXBuildFile; productRef = 20C317602DA8F551005FBA05 /* VinUtility */; };
/* End PBXBuildFile section */

/* Begin PBXContainerItemProxy section */
		20011AD02DA7ECEB00A25173 /* PBXContainerItemProxy */ = {
			isa = PBXContainerItemProxy;
			containerPortal = 20011AB12DA7ECE900A25173 /* Project object */;
			proxyType = 1;
			remoteGlobalIDString = 20011AB82DA7ECE900A25173;
			remoteInfo = "fixpro-mobile";
		};
		20011ADA2DA7ECEB00A25173 /* PBXContainerItemProxy */ = {
			isa = PBXContainerItemProxy;
			containerPortal = 20011AB12DA7ECE900A25173 /* Project object */;
			proxyType = 1;
			remoteGlobalIDString = 20011AB82DA7ECE900A25173;
			remoteInfo = "fixpro-mobile";
		};
/* End PBXContainerItemProxy section */

/* Begin PBXFileReference section */
		20011AB92DA7ECE900A25173 /* fixpro-mobile.app */ = {isa = PBXFileReference; explicitFileType = wrapper.application; includeInIndex = 0; path = "fixpro-mobile.app"; sourceTree = BUILT_PRODUCTS_DIR; };
		20011ACF2DA7ECEB00A25173 /* fixpro-mobileTests.xctest */ = {isa = PBXFileReference; explicitFileType = wrapper.cfbundle; includeInIndex = 0; path = "fixpro-mobileTests.xctest"; sourceTree = BUILT_PRODUCTS_DIR; };
		20011AD92DA7ECEB00A25173 /* fixpro-mobileUITests.xctest */ = {isa = PBXFileReference; explicitFileType = wrapper.cfbundle; includeInIndex = 0; path = "fixpro-mobileUITests.xctest"; sourceTree = BUILT_PRODUCTS_DIR; };
/* End PBXFileReference section */

/* Begin PBXFileSystemSynchronizedBuildFileExceptionSet section */
		20011AE12DA7ECEB00A25173 /* Exceptions for "fixpro-mobile" folder in "fixpro-mobile" target */ = {
			isa = PBXFileSystemSynchronizedBuildFileExceptionSet;
			membershipExceptions = (
				Info.plist,
			);
			target = 20011AB82DA7ECE900A25173 /* fixpro-mobile */;
		};
/* End PBXFileSystemSynchronizedBuildFileExceptionSet section */

/* Begin PBXFileSystemSynchronizedRootGroup section */
		20011ABB2DA7ECE900A25173 /* fixpro-mobile */ = {
			isa = PBXFileSystemSynchronizedRootGroup;
			exceptions = (
				20011AE12DA7ECEB00A25173 /* Exceptions for "fixpro-mobile" folder in "fixpro-mobile" target */,
			);
			path = "fixpro-mobile";
			sourceTree = "<group>";
		};
		20011AD22DA7ECEB00A25173 /* fixpro-mobileTests */ = {
			isa = PBXFileSystemSynchronizedRootGroup;
			path = "fixpro-mobileTests";
			sourceTree = "<group>";
		};
		20011ADC2DA7ECEB00A25173 /* fixpro-mobileUITests */ = {
			isa = PBXFileSystemSynchronizedRootGroup;
			path = "fixpro-mobileUITests";
			sourceTree = "<group>";
		};
/* End PBXFileSystemSynchronizedRootGroup section */

/* Begin PBXFrameworksBuildPhase section */
		20011AB62DA7ECE900A25173 /* Frameworks */ = {
			isa = PBXFrameworksBuildPhase;
			buildActionMask = 2147483647;
			files = (
				206121492DA96F84004BEC84 /* FirebaseMessaging in Frameworks */,
				20C317322DA8F3FF005FBA05 /* RIBs in Frameworks */,
				20C317612DA8F551005FBA05 /* VinUtility in Frameworks */,
				20C317252DA8F314005FBA05 /* OpenAPIRuntime in Frameworks */,
				20C317282DA8F32C005FBA05 /* OpenAPIURLSession in Frameworks */,
				20C317352DA8F42C005FBA05 /* SnapKit in Frameworks */,
			);
			runOnlyForDeploymentPostprocessing = 0;
		};
		20011ACC2DA7ECEB00A25173 /* Frameworks */ = {
			isa = PBXFrameworksBuildPhase;
			buildActionMask = 2147483647;
			files = (
			);
			runOnlyForDeploymentPostprocessing = 0;
		};
		20011AD62DA7ECEB00A25173 /* Frameworks */ = {
			isa = PBXFrameworksBuildPhase;
			buildActionMask = 2147483647;
			files = (
			);
			runOnlyForDeploymentPostprocessing = 0;
		};
/* End PBXFrameworksBuildPhase section */

/* Begin PBXGroup section */
		20011AB02DA7ECE900A25173 = {
			isa = PBXGroup;
			children = (
				20011ABB2DA7ECE900A25173 /* fixpro-mobile */,
				20011AD22DA7ECEB00A25173 /* fixpro-mobileTests */,
				20011ADC2DA7ECEB00A25173 /* fixpro-mobileUITests */,
				20011ABA2DA7ECE900A25173 /* Products */,
			);
			sourceTree = "<group>";
		};
		20011ABA2DA7ECE900A25173 /* Products */ = {
			isa = PBXGroup;
			children = (
				20011AB92DA7ECE900A25173 /* fixpro-mobile.app */,
				20011ACF2DA7ECEB00A25173 /* fixpro-mobileTests.xctest */,
				20011AD92DA7ECEB00A25173 /* fixpro-mobileUITests.xctest */,
			);
			name = Products;
			sourceTree = "<group>";
		};
/* End PBXGroup section */

/* Begin PBXNativeTarget section */
		20011AB82DA7ECE900A25173 /* fixpro-mobile */ = {
			isa = PBXNativeTarget;
			buildConfigurationList = 20011AE22DA7ECEB00A25173 /* Build configuration list for PBXNativeTarget "fixpro-mobile" */;
			buildPhases = (
				20011AB52DA7ECE900A25173 /* Sources */,
				20011AB62DA7ECE900A25173 /* Frameworks */,
				20011AB72DA7ECE900A25173 /* Resources */,
			);
			buildRules = (
			);
			dependencies = (
				20C3172A2DA8F339005FBA05 /* PBXTargetDependency */,
			);
			fileSystemSynchronizedGroups = (
				20011ABB2DA7ECE900A25173 /* fixpro-mobile */,
			);
			name = "fixpro-mobile";
			packageProductDependencies = (
				20C317242DA8F314005FBA05 /* OpenAPIRuntime */,
				20C317272DA8F32C005FBA05 /* OpenAPIURLSession */,
				20C317312DA8F3FF005FBA05 /* RIBs */,
				20C317342DA8F42C005FBA05 /* SnapKit */,
				20C317602DA8F551005FBA05 /* VinUtility */,
				206121482DA96F84004BEC84 /* FirebaseMessaging */,
			);
			productName = "fixpro-mobile";
			productReference = 20011AB92DA7ECE900A25173 /* fixpro-mobile.app */;
			productType = "com.apple.product-type.application";
		};
		20011ACE2DA7ECEB00A25173 /* fixpro-mobileTests */ = {
			isa = PBXNativeTarget;
			buildConfigurationList = 20011AE72DA7ECEB00A25173 /* Build configuration list for PBXNativeTarget "fixpro-mobileTests" */;
			buildPhases = (
				20011ACB2DA7ECEB00A25173 /* Sources */,
				20011ACC2DA7ECEB00A25173 /* Frameworks */,
				20011ACD2DA7ECEB00A25173 /* Resources */,
			);
			buildRules = (
			);
			dependencies = (
				20011AD12DA7ECEB00A25173 /* PBXTargetDependency */,
			);
			fileSystemSynchronizedGroups = (
				20011AD22DA7ECEB00A25173 /* fixpro-mobileTests */,
			);
			name = "fixpro-mobileTests";
			packageProductDependencies = (
			);
			productName = "fixpro-mobileTests";
			productReference = 20011ACF2DA7ECEB00A25173 /* fixpro-mobileTests.xctest */;
			productType = "com.apple.product-type.bundle.unit-test";
		};
		20011AD82DA7ECEB00A25173 /* fixpro-mobileUITests */ = {
			isa = PBXNativeTarget;
			buildConfigurationList = 20011AEA2DA7ECEB00A25173 /* Build configuration list for PBXNativeTarget "fixpro-mobileUITests" */;
			buildPhases = (
				20011AD52DA7ECEB00A25173 /* Sources */,
				20011AD62DA7ECEB00A25173 /* Frameworks */,
				20011AD72DA7ECEB00A25173 /* Resources */,
			);
			buildRules = (
			);
			dependencies = (
				20011ADB2DA7ECEB00A25173 /* PBXTargetDependency */,
			);
			fileSystemSynchronizedGroups = (
				20011ADC2DA7ECEB00A25173 /* fixpro-mobileUITests */,
			);
			name = "fixpro-mobileUITests";
			packageProductDependencies = (
			);
			productName = "fixpro-mobileUITests";
			productReference = 20011AD92DA7ECEB00A25173 /* fixpro-mobileUITests.xctest */;
			productType = "com.apple.product-type.bundle.ui-testing";
		};
/* End PBXNativeTarget section */

/* Begin PBXProject section */
		20011AB12DA7ECE900A25173 /* Project object */ = {
			isa = PBXProject;
			attributes = {
				BuildIndependentTargetsInParallel = 1;
				LastSwiftUpdateCheck = 1630;
				LastUpgradeCheck = 1630;
				TargetAttributes = {
					20011AB82DA7ECE900A25173 = {
						CreatedOnToolsVersion = 16.3;
					};
					20011ACE2DA7ECEB00A25173 = {
						CreatedOnToolsVersion = 16.3;
						TestTargetID = 20011AB82DA7ECE900A25173;
					};
					20011AD82DA7ECEB00A25173 = {
						CreatedOnToolsVersion = 16.3;
						TestTargetID = 20011AB82DA7ECE900A25173;
					};
				};
			};
			buildConfigurationList = 20011AB42DA7ECE900A25173 /* Build configuration list for PBXProject "fixpro-mobile" */;
			developmentRegion = en;
			hasScannedForEncodings = 0;
			knownRegions = (
				en,
				Base,
			);
			mainGroup = 20011AB02DA7ECE900A25173;
			minimizedProjectReferenceProxies = 1;
			packageReferences = (
				20C317222DA8F2FA005FBA05 /* XCRemoteSwiftPackageReference "swift-openapi-generator" */,
				20C317232DA8F314005FBA05 /* XCRemoteSwiftPackageReference "swift-openapi-runtime" */,
				20C317262DA8F32C005FBA05 /* XCRemoteSwiftPackageReference "swift-openapi-urlsession" */,
				20C317302DA8F3FF005FBA05 /* XCRemoteSwiftPackageReference "RIBs-iOS" */,
				20C317332DA8F42C005FBA05 /* XCRemoteSwiftPackageReference "SnapKit" */,
				20C3175F2DA8F551005FBA05 /* XCLocalSwiftPackageReference "../vin-utility" */,
				206121472DA96F84004BEC84 /* XCRemoteSwiftPackageReference "firebase-ios-sdk" */,
			);
			preferredProjectObjectVersion = 77;
			productRefGroup = 20011ABA2DA7ECE900A25173 /* Products */;
			projectDirPath = "";
			projectRoot = "";
			targets = (
				20011AB82DA7ECE900A25173 /* fixpro-mobile */,
				20011ACE2DA7ECEB00A25173 /* fixpro-mobileTests */,
				20011AD82DA7ECEB00A25173 /* fixpro-mobileUITests */,
			);
		};
/* End PBXProject section */

/* Begin PBXResourcesBuildPhase section */
		20011AB72DA7ECE900A25173 /* Resources */ = {
			isa = PBXResourcesBuildPhase;
			buildActionMask = 2147483647;
			files = (
			);
			runOnlyForDeploymentPostprocessing = 0;
		};
		20011ACD2DA7ECEB00A25173 /* Resources */ = {
			isa = PBXResourcesBuildPhase;
			buildActionMask = 2147483647;
			files = (
			);
			runOnlyForDeploymentPostprocessing = 0;
		};
		20011AD72DA7ECEB00A25173 /* Resources */ = {
			isa = PBXResourcesBuildPhase;
			buildActionMask = 2147483647;
			files = (
			);
			runOnlyForDeploymentPostprocessing = 0;
		};
/* End PBXResourcesBuildPhase section */

/* Begin PBXSourcesBuildPhase section */
		20011AB52DA7ECE900A25173 /* Sources */ = {
			isa = PBXSourcesBuildPhase;
			buildActionMask = 2147483647;
			files = (
			);
			runOnlyForDeploymentPostprocessing = 0;
		};
		20011ACB2DA7ECEB00A25173 /* Sources */ = {
			isa = PBXSourcesBuildPhase;
			buildActionMask = 2147483647;
			files = (
			);
			runOnlyForDeploymentPostprocessing = 0;
		};
		20011AD52DA7ECEB00A25173 /* Sources */ = {
			isa = PBXSourcesBuildPhase;
			buildActionMask = 2147483647;
			files = (
			);
			runOnlyForDeploymentPostprocessing = 0;
		};
/* End PBXSourcesBuildPhase section */

/* Begin PBXTargetDependency section */
		20011AD12DA7ECEB00A25173 /* PBXTargetDependency */ = {
			isa = PBXTargetDependency;
			target = 20011AB82DA7ECE900A25173 /* fixpro-mobile */;
			targetProxy = 20011AD02DA7ECEB00A25173 /* PBXContainerItemProxy */;
		};
		20011ADB2DA7ECEB00A25173 /* PBXTargetDependency */ = {
			isa = PBXTargetDependency;
			target = 20011AB82DA7ECE900A25173 /* fixpro-mobile */;
			targetProxy = 20011ADA2DA7ECEB00A25173 /* PBXContainerItemProxy */;
		};
		20C3172A2DA8F339005FBA05 /* PBXTargetDependency */ = {
			isa = PBXTargetDependency;
			productRef = 20C317292DA8F339005FBA05 /* OpenAPIGenerator */;
		};
/* End PBXTargetDependency section */

/* Begin XCBuildConfiguration section */
		20011AE32DA7ECEB00A25173 /* Debug */ = {
			isa = XCBuildConfiguration;
			buildSettings = {
				ASSETCATALOG_COMPILER_APPICON_NAME = AppIcon;
				ASSETCATALOG_COMPILER_GLOBAL_ACCENT_COLOR_NAME = AccentColor;
				CODE_SIGN_ENTITLEMENTS = "fixpro-mobile/fixpro-mobile.entitlements";
				CODE_SIGN_STYLE = Automatic;
				CURRENT_PROJECT_VERSION = 1;
				DEVELOPMENT_TEAM = STU45DAFT2;
				GENERATE_INFOPLIST_FILE = YES;
				INFOPLIST_FILE = "fixpro-mobile/Info.plist";
				INFOPLIST_KEY_CFBundleDisplayName = "FixPro Mobile";
				INFOPLIST_KEY_LSApplicationCategoryType = "public.app-category.productivity";
				INFOPLIST_KEY_MetalCaptureEnabled = YES;
				INFOPLIST_KEY_NSCameraUsageDescription = "Enables FixPro Mobile to scan for qr-codes that pairs you with an Area.";
				INFOPLIST_KEY_NSLocationUsageDescription = "Helps both your Area's management and field personnels to zero-in on the issue you reported.";
				INFOPLIST_KEY_NSLocationWhenInUseUsageDescription = "Helps both your Area's management and field personnels to zero-in on the issue you reported.";
				INFOPLIST_KEY_NSPhotoLibraryUsageDescription = "Share files you explicitly select, to both Area's management and field personnels, so they can assess and solve the issue they're dealing with.";
				INFOPLIST_KEY_UIApplicationSupportsIndirectInputEvents = YES;
				INFOPLIST_KEY_UILaunchStoryboardName = LaunchScreen;
				INFOPLIST_KEY_UISupportedInterfaceOrientations = "UIInterfaceOrientationPortrait UIInterfaceOrientationPortraitUpsideDown";
				LD_RUNPATH_SEARCH_PATHS = (
					"$(inherited)",
					"@executable_path/Frameworks",
				);
				MARKETING_VERSION = 0.1.0;
				PRODUCT_BUNDLE_IDENTIFIER = "com.vinapp.fixpro-mobile";
				PRODUCT_NAME = "$(TARGET_NAME)";
				SWIFT_EMIT_LOC_STRINGS = YES;
				SWIFT_VERSION = 5.0;
				TARGETED_DEVICE_FAMILY = "1,2";
			};
			name = Debug;
		};
		20011AE42DA7ECEB00A25173 /* Release */ = {
			isa = XCBuildConfiguration;
			buildSettings = {
				ASSETCATALOG_COMPILER_APPICON_NAME = AppIcon;
				ASSETCATALOG_COMPILER_GLOBAL_ACCENT_COLOR_NAME = AccentColor;
				CODE_SIGN_ENTITLEMENTS = "fixpro-mobile/fixpro-mobile.entitlements";
				CODE_SIGN_STYLE = Automatic;
				CURRENT_PROJECT_VERSION = 1;
				DEVELOPMENT_TEAM = STU45DAFT2;
				GENERATE_INFOPLIST_FILE = YES;
				INFOPLIST_FILE = "fixpro-mobile/Info.plist";
				INFOPLIST_KEY_CFBundleDisplayName = "FixPro Mobile";
				INFOPLIST_KEY_LSApplicationCategoryType = "public.app-category.productivity";
				INFOPLIST_KEY_MetalCaptureEnabled = YES;
				INFOPLIST_KEY_NSCameraUsageDescription = "Enables FixPro Mobile to scan for qr-codes that pairs you with an Area.";
				INFOPLIST_KEY_NSLocationUsageDescription = "Helps both your Area's management and field personnels to zero-in on the issue you reported.";
				INFOPLIST_KEY_NSLocationWhenInUseUsageDescription = "Helps both your Area's management and field personnels to zero-in on the issue you reported.";
				INFOPLIST_KEY_NSPhotoLibraryUsageDescription = "Share files you explicitly select, to both Area's management and field personnels, so they can assess and solve the issue they're dealing with.";
				INFOPLIST_KEY_UIApplicationSupportsIndirectInputEvents = YES;
				INFOPLIST_KEY_UILaunchStoryboardName = LaunchScreen;
				INFOPLIST_KEY_UISupportedInterfaceOrientations = "UIInterfaceOrientationPortrait UIInterfaceOrientationPortraitUpsideDown";
				LD_RUNPATH_SEARCH_PATHS = (
					"$(inherited)",
					"@executable_path/Frameworks",
				);
				MARKETING_VERSION = 0.1.0;
				PRODUCT_BUNDLE_IDENTIFIER = "com.vinapp.fixpro-mobile";
				PRODUCT_NAME = "$(TARGET_NAME)";
				SWIFT_EMIT_LOC_STRINGS = YES;
				SWIFT_VERSION = 5.0;
				TARGETED_DEVICE_FAMILY = "1,2";
			};
			name = Release;
		};
		20011AE52DA7ECEB00A25173 /* Debug */ = {
			isa = XCBuildConfiguration;
			buildSettings = {
				ALWAYS_SEARCH_USER_PATHS = NO;
				ASSETCATALOG_COMPILER_GENERATE_SWIFT_ASSET_SYMBOL_EXTENSIONS = YES;
				CLANG_ANALYZER_NONNULL = YES;
				CLANG_ANALYZER_NUMBER_OBJECT_CONVERSION = YES_AGGRESSIVE;
				CLANG_CXX_LANGUAGE_STANDARD = "gnu++20";
				CLANG_ENABLE_MODULES = YES;
				CLANG_ENABLE_OBJC_ARC = YES;
				CLANG_ENABLE_OBJC_WEAK = YES;
				CLANG_WARN_BLOCK_CAPTURE_AUTORELEASING = YES;
				CLANG_WARN_BOOL_CONVERSION = YES;
				CLANG_WARN_COMMA = YES;
				CLANG_WARN_CONSTANT_CONVERSION = YES;
				CLANG_WARN_DEPRECATED_OBJC_IMPLEMENTATIONS = YES;
				CLANG_WARN_DIRECT_OBJC_ISA_USAGE = YES_ERROR;
				CLANG_WARN_DOCUMENTATION_COMMENTS = YES;
				CLANG_WARN_EMPTY_BODY = YES;
				CLANG_WARN_ENUM_CONVERSION = YES;
				CLANG_WARN_INFINITE_RECURSION = YES;
				CLANG_WARN_INT_CONVERSION = YES;
				CLANG_WARN_NON_LITERAL_NULL_CONVERSION = YES;
				CLANG_WARN_OBJC_IMPLICIT_RETAIN_SELF = YES;
				CLANG_WARN_OBJC_LITERAL_CONVERSION = YES;
				CLANG_WARN_OBJC_ROOT_CLASS = YES_ERROR;
				CLANG_WARN_QUOTED_INCLUDE_IN_FRAMEWORK_HEADER = YES;
				CLANG_WARN_RANGE_LOOP_ANALYSIS = YES;
				CLANG_WARN_STRICT_PROTOTYPES = YES;
				CLANG_WARN_SUSPICIOUS_MOVE = YES;
				CLANG_WARN_UNGUARDED_AVAILABILITY = YES_AGGRESSIVE;
				CLANG_WARN_UNREACHABLE_CODE = YES;
				CLANG_WARN__DUPLICATE_METHOD_MATCH = YES;
				COPY_PHASE_STRIP = NO;
				DEBUG_INFORMATION_FORMAT = dwarf;
				DEVELOPMENT_TEAM = STU45DAFT2;
				ENABLE_STRICT_OBJC_MSGSEND = YES;
				ENABLE_TESTABILITY = YES;
				ENABLE_USER_SCRIPT_SANDBOXING = YES;
				GCC_C_LANGUAGE_STANDARD = gnu17;
				GCC_DYNAMIC_NO_PIC = NO;
				GCC_NO_COMMON_BLOCKS = YES;
				GCC_OPTIMIZATION_LEVEL = 0;
				GCC_PREPROCESSOR_DEFINITIONS = (
					"DEBUG=1",
					"$(inherited)",
				);
				GCC_WARN_64_TO_32_BIT_CONVERSION = YES;
				GCC_WARN_ABOUT_RETURN_TYPE = YES_ERROR;
				GCC_WARN_UNDECLARED_SELECTOR = YES;
				GCC_WARN_UNINITIALIZED_AUTOS = YES_AGGRESSIVE;
				GCC_WARN_UNUSED_FUNCTION = YES;
				GCC_WARN_UNUSED_VARIABLE = YES;
				IPHONEOS_DEPLOYMENT_TARGET = 18.4;
				LOCALIZATION_PREFERS_STRING_CATALOGS = YES;
				MTL_ENABLE_DEBUG_INFO = INCLUDE_SOURCE;
				MTL_FAST_MATH = YES;
				ONLY_ACTIVE_ARCH = YES;
				SDKROOT = iphoneos;
				SWIFT_ACTIVE_COMPILATION_CONDITIONS = "DEBUG $(inherited)";
				SWIFT_OPTIMIZATION_LEVEL = "-Onone";
			};
			name = Debug;
		};
		20011AE62DA7ECEB00A25173 /* Release */ = {
			isa = XCBuildConfiguration;
			buildSettings = {
				ALWAYS_SEARCH_USER_PATHS = NO;
				ASSETCATALOG_COMPILER_GENERATE_SWIFT_ASSET_SYMBOL_EXTENSIONS = YES;
				CLANG_ANALYZER_NONNULL = YES;
				CLANG_ANALYZER_NUMBER_OBJECT_CONVERSION = YES_AGGRESSIVE;
				CLANG_CXX_LANGUAGE_STANDARD = "gnu++20";
				CLANG_ENABLE_MODULES = YES;
				CLANG_ENABLE_OBJC_ARC = YES;
				CLANG_ENABLE_OBJC_WEAK = YES;
				CLANG_WARN_BLOCK_CAPTURE_AUTORELEASING = YES;
				CLANG_WARN_BOOL_CONVERSION = YES;
				CLANG_WARN_COMMA = YES;
				CLANG_WARN_CONSTANT_CONVERSION = YES;
				CLANG_WARN_DEPRECATED_OBJC_IMPLEMENTATIONS = YES;
				CLANG_WARN_DIRECT_OBJC_ISA_USAGE = YES_ERROR;
				CLANG_WARN_DOCUMENTATION_COMMENTS = YES;
				CLANG_WARN_EMPTY_BODY = YES;
				CLANG_WARN_ENUM_CONVERSION = YES;
				CLANG_WARN_INFINITE_RECURSION = YES;
				CLANG_WARN_INT_CONVERSION = YES;
				CLANG_WARN_NON_LITERAL_NULL_CONVERSION = YES;
				CLANG_WARN_OBJC_IMPLICIT_RETAIN_SELF = YES;
				CLANG_WARN_OBJC_LITERAL_CONVERSION = YES;
				CLANG_WARN_OBJC_ROOT_CLASS = YES_ERROR;
				CLANG_WARN_QUOTED_INCLUDE_IN_FRAMEWORK_HEADER = YES;
				CLANG_WARN_RANGE_LOOP_ANALYSIS = YES;
				CLANG_WARN_STRICT_PROTOTYPES = YES;
				CLANG_WARN_SUSPICIOUS_MOVE = YES;
				CLANG_WARN_UNGUARDED_AVAILABILITY = YES_AGGRESSIVE;
				CLANG_WARN_UNREACHABLE_CODE = YES;
				CLANG_WARN__DUPLICATE_METHOD_MATCH = YES;
				COPY_PHASE_STRIP = NO;
				DEBUG_INFORMATION_FORMAT = "dwarf-with-dsym";
				DEVELOPMENT_TEAM = STU45DAFT2;
				ENABLE_NS_ASSERTIONS = NO;
				ENABLE_STRICT_OBJC_MSGSEND = YES;
				ENABLE_USER_SCRIPT_SANDBOXING = YES;
				GCC_C_LANGUAGE_STANDARD = gnu17;
				GCC_NO_COMMON_BLOCKS = YES;
				GCC_WARN_64_TO_32_BIT_CONVERSION = YES;
				GCC_WARN_ABOUT_RETURN_TYPE = YES_ERROR;
				GCC_WARN_UNDECLARED_SELECTOR = YES;
				GCC_WARN_UNINITIALIZED_AUTOS = YES_AGGRESSIVE;
				GCC_WARN_UNUSED_FUNCTION = YES;
				GCC_WARN_UNUSED_VARIABLE = YES;
				IPHONEOS_DEPLOYMENT_TARGET = 18.4;
				LOCALIZATION_PREFERS_STRING_CATALOGS = YES;
				MTL_ENABLE_DEBUG_INFO = NO;
				MTL_FAST_MATH = YES;
				SDKROOT = iphoneos;
				SWIFT_COMPILATION_MODE = wholemodule;
				VALIDATE_PRODUCT = YES;
			};
			name = Release;
		};
		20011AE82DA7ECEB00A25173 /* Debug */ = {
			isa = XCBuildConfiguration;
			buildSettings = {
				BUNDLE_LOADER = "$(TEST_HOST)";
				CODE_SIGN_STYLE = Automatic;
				CURRENT_PROJECT_VERSION = 1;
				DEVELOPMENT_TEAM = STU45DAFT2;
				GENERATE_INFOPLIST_FILE = YES;
				IPHONEOS_DEPLOYMENT_TARGET = 18.4;
				MARKETING_VERSION = 1.0;
				PRODUCT_BUNDLE_IDENTIFIER = "com.vinapp.fixpro-mobileTests";
				PRODUCT_NAME = "$(TARGET_NAME)";
				SWIFT_EMIT_LOC_STRINGS = NO;
				SWIFT_VERSION = 5.0;
				TARGETED_DEVICE_FAMILY = "1,2";
				TEST_HOST = "$(BUILT_PRODUCTS_DIR)/fixpro-mobile.app/$(BUNDLE_EXECUTABLE_FOLDER_PATH)/fixpro-mobile";
			};
			name = Debug;
		};
		20011AE92DA7ECEB00A25173 /* Release */ = {
			isa = XCBuildConfiguration;
			buildSettings = {
				BUNDLE_LOADER = "$(TEST_HOST)";
				CODE_SIGN_STYLE = Automatic;
				CURRENT_PROJECT_VERSION = 1;
				DEVELOPMENT_TEAM = STU45DAFT2;
				GENERATE_INFOPLIST_FILE = YES;
				IPHONEOS_DEPLOYMENT_TARGET = 18.4;
				MARKETING_VERSION = 1.0;
				PRODUCT_BUNDLE_IDENTIFIER = "com.vinapp.fixpro-mobileTests";
				PRODUCT_NAME = "$(TARGET_NAME)";
				SWIFT_EMIT_LOC_STRINGS = NO;
				SWIFT_VERSION = 5.0;
				TARGETED_DEVICE_FAMILY = "1,2";
				TEST_HOST = "$(BUILT_PRODUCTS_DIR)/fixpro-mobile.app/$(BUNDLE_EXECUTABLE_FOLDER_PATH)/fixpro-mobile";
			};
			name = Release;
		};
		20011AEB2DA7ECEB00A25173 /* Debug */ = {
			isa = XCBuildConfiguration;
			buildSettings = {
				CODE_SIGN_STYLE = Automatic;
				CURRENT_PROJECT_VERSION = 1;
				DEVELOPMENT_TEAM = STU45DAFT2;
				GENERATE_INFOPLIST_FILE = YES;
				MARKETING_VERSION = 1.0;
				PRODUCT_BUNDLE_IDENTIFIER = "com.vinapp.fixpro-mobileUITests";
				PRODUCT_NAME = "$(TARGET_NAME)";
				SWIFT_EMIT_LOC_STRINGS = NO;
				SWIFT_VERSION = 5.0;
				TARGETED_DEVICE_FAMILY = "1,2";
				TEST_TARGET_NAME = "fixpro-mobile";
			};
			name = Debug;
		};
		20011AEC2DA7ECEB00A25173 /* Release */ = {
			isa = XCBuildConfiguration;
			buildSettings = {
				CODE_SIGN_STYLE = Automatic;
				CURRENT_PROJECT_VERSION = 1;
				DEVELOPMENT_TEAM = STU45DAFT2;
				GENERATE_INFOPLIST_FILE = YES;
				MARKETING_VERSION = 1.0;
				PRODUCT_BUNDLE_IDENTIFIER = "com.vinapp.fixpro-mobileUITests";
				PRODUCT_NAME = "$(TARGET_NAME)";
				SWIFT_EMIT_LOC_STRINGS = NO;
				SWIFT_VERSION = 5.0;
				TARGETED_DEVICE_FAMILY = "1,2";
				TEST_TARGET_NAME = "fixpro-mobile";
			};
			name = Release;
		};
/* End XCBuildConfiguration section */

/* Begin XCConfigurationList section */
		20011AB42DA7ECE900A25173 /* Build configuration list for PBXProject "fixpro-mobile" */ = {
			isa = XCConfigurationList;
			buildConfigurations = (
				20011AE52DA7ECEB00A25173 /* Debug */,
				20011AE62DA7ECEB00A25173 /* Release */,
			);
			defaultConfigurationIsVisible = 0;
			defaultConfigurationName = Release;
		};
		20011AE22DA7ECEB00A25173 /* Build configuration list for PBXNativeTarget "fixpro-mobile" */ = {
			isa = XCConfigurationList;
			buildConfigurations = (
				20011AE32DA7ECEB00A25173 /* Debug */,
				20011AE42DA7ECEB00A25173 /* Release */,
			);
			defaultConfigurationIsVisible = 0;
			defaultConfigurationName = Release;
		};
		20011AE72DA7ECEB00A25173 /* Build configuration list for PBXNativeTarget "fixpro-mobileTests" */ = {
			isa = XCConfigurationList;
			buildConfigurations = (
				20011AE82DA7ECEB00A25173 /* Debug */,
				20011AE92DA7ECEB00A25173 /* Release */,
			);
			defaultConfigurationIsVisible = 0;
			defaultConfigurationName = Release;
		};
		20011AEA2DA7ECEB00A25173 /* Build configuration list for PBXNativeTarget "fixpro-mobileUITests" */ = {
			isa = XCConfigurationList;
			buildConfigurations = (
				20011AEB2DA7ECEB00A25173 /* Debug */,
				20011AEC2DA7ECEB00A25173 /* Release */,
			);
			defaultConfigurationIsVisible = 0;
			defaultConfigurationName = Release;
		};
/* End XCConfigurationList section */

/* Begin XCLocalSwiftPackageReference section */
		20C3175F2DA8F551005FBA05 /* XCLocalSwiftPackageReference "../vin-utility" */ = {
			isa = XCLocalSwiftPackageReference;
			relativePath = "../vin-utility";
		};
/* End XCLocalSwiftPackageReference section */

/* Begin XCRemoteSwiftPackageReference section */
		206121472DA96F84004BEC84 /* XCRemoteSwiftPackageReference "firebase-ios-sdk" */ = {
			isa = XCRemoteSwiftPackageReference;
			repositoryURL = "https://github.com/firebase/firebase-ios-sdk";
			requirement = {
				kind = upToNextMajorVersion;
				minimumVersion = 11.11.0;
			};
		};
		20C317222DA8F2FA005FBA05 /* XCRemoteSwiftPackageReference "swift-openapi-generator" */ = {
			isa = XCRemoteSwiftPackageReference;
			repositoryURL = "https://github.com/apple/swift-openapi-generator";
			requirement = {
				kind = upToNextMajorVersion;
				minimumVersion = 1.7.2;
			};
		};
		20C317232DA8F314005FBA05 /* XCRemoteSwiftPackageReference "swift-openapi-runtime" */ = {
			isa = XCRemoteSwiftPackageReference;
			repositoryURL = "https://github.com/apple/swift-openapi-runtime";
			requirement = {
				kind = upToNextMajorVersion;
				minimumVersion = 1.8.2;
			};
		};
		20C317262DA8F32C005FBA05 /* XCRemoteSwiftPackageReference "swift-openapi-urlsession" */ = {
			isa = XCRemoteSwiftPackageReference;
			repositoryURL = "https://github.com/apple/swift-openapi-urlsession.git";
			requirement = {
				kind = upToNextMajorVersion;
				minimumVersion = 1.1.0;
			};
		};
		20C317302DA8F3FF005FBA05 /* XCRemoteSwiftPackageReference "RIBs-iOS" */ = {
			isa = XCRemoteSwiftPackageReference;
			repositoryURL = "https://github.com/uber/RIBs-iOS.git";
			requirement = {
				kind = upToNextMajorVersion;
				minimumVersion = 0.9.2;
			};
		};
		20C317332DA8F42C005FBA05 /* XCRemoteSwiftPackageReference "SnapKit" */ = {
			isa = XCRemoteSwiftPackageReference;
			repositoryURL = "https://github.com/SnapKit/SnapKit.git";
			requirement = {
				kind = upToNextMajorVersion;
				minimumVersion = 5.7.1;
			};
		};
/* End XCRemoteSwiftPackageReference section */

/* Begin XCSwiftPackageProductDependency section */
		206121482DA96F84004BEC84 /* FirebaseMessaging */ = {
			isa = XCSwiftPackageProductDependency;
			package = 206121472DA96F84004BEC84 /* XCRemoteSwiftPackageReference "firebase-ios-sdk" */;
			productName = FirebaseMessaging;
		};
		20C317242DA8F314005FBA05 /* OpenAPIRuntime */ = {
			isa = XCSwiftPackageProductDependency;
			package = 20C317232DA8F314005FBA05 /* XCRemoteSwiftPackageReference "swift-openapi-runtime" */;
			productName = OpenAPIRuntime;
		};
		20C317272DA8F32C005FBA05 /* OpenAPIURLSession */ = {
			isa = XCSwiftPackageProductDependency;
			package = 20C317262DA8F32C005FBA05 /* XCRemoteSwiftPackageReference "swift-openapi-urlsession" */;
			productName = OpenAPIURLSession;
		};
		20C317292DA8F339005FBA05 /* OpenAPIGenerator */ = {
			isa = XCSwiftPackageProductDependency;
			package = 20C317222DA8F2FA005FBA05 /* XCRemoteSwiftPackageReference "swift-openapi-generator" */;
			productName = "plugin:OpenAPIGenerator";
		};
		20C317312DA8F3FF005FBA05 /* RIBs */ = {
			isa = XCSwiftPackageProductDependency;
			package = 20C317302DA8F3FF005FBA05 /* XCRemoteSwiftPackageReference "RIBs-iOS" */;
			productName = RIBs;
		};
		20C317342DA8F42C005FBA05 /* SnapKit */ = {
			isa = XCSwiftPackageProductDependency;
			package = 20C317332DA8F42C005FBA05 /* XCRemoteSwiftPackageReference "SnapKit" */;
			productName = SnapKit;
		};
		20C317602DA8F551005FBA05 /* VinUtility */ = {
			isa = XCSwiftPackageProductDependency;
			productName = VinUtility;
		};
/* End XCSwiftPackageProductDependency section */
	};
	rootObject = 20011AB12DA7ECE900A25173 /* Project object */;
}
