// !$*UTF8*$!
{
	archiveVersion = 1;
	classes = {
	};
	objectVersion = 77;
	objects = {

/* Begin PBXBuildFile section */
		200AE1652D90623100E2C292 /* OpenAPIURLSession in Frameworks */ = {isa = PBXBuildFile; productRef = 200AE1642D90623100E2C292 /* OpenAPIURLSession */; };
		204F23342D8DB96F005FC2BE /* OpenAPIRuntime in Frameworks */ = {isa = PBXBuildFile; productRef = 204F23332D8DB96F005FC2BE /* OpenAPIRuntime */; };
		2082F6662D829B1E0028BE25 /* FirebaseCore in Frameworks */ = {isa = PBXBuildFile; productRef = 2082F6652D829B1E0028BE25 /* FirebaseCore */; };
		2082F6682D829B1E0028BE25 /* FirebaseMessaging in Frameworks */ = {isa = PBXBuildFile; productRef = 2082F6672D829B1E0028BE25 /* FirebaseMessaging */; };
		20F9568F2D7342DE00813695 /* SnapKit in Frameworks */ = {isa = PBXBuildFile; productRef = 20F9568E2D7342DE00813695 /* SnapKit */; };
		20F956922D7342F200813695 /* RIBs in Frameworks */ = {isa = PBXBuildFile; productRef = 20F956912D7342F200813695 /* RIBs */; };
/* End PBXBuildFile section */

/* Begin PBXContainerItemProxy section */
		204301072D73410B003C42AD /* PBXContainerItemProxy */ = {
			isa = PBXContainerItemProxy;
			containerPortal = 204300E82D73410A003C42AD /* Project object */;
			proxyType = 1;
			remoteGlobalIDString = 204300EF2D73410A003C42AD;
			remoteInfo = fixpro;
		};
		204301112D73410B003C42AD /* PBXContainerItemProxy */ = {
			isa = PBXContainerItemProxy;
			containerPortal = 204300E82D73410A003C42AD /* Project object */;
			proxyType = 1;
			remoteGlobalIDString = 204300EF2D73410A003C42AD;
			remoteInfo = fixpro;
		};
/* End PBXContainerItemProxy section */

/* Begin PBXFileReference section */
		204300F02D73410A003C42AD /* fixpro.app */ = {isa = PBXFileReference; explicitFileType = wrapper.application; includeInIndex = 0; path = fixpro.app; sourceTree = BUILT_PRODUCTS_DIR; };
		204301062D73410B003C42AD /* fixproTests.xctest */ = {isa = PBXFileReference; explicitFileType = wrapper.cfbundle; includeInIndex = 0; path = fixproTests.xctest; sourceTree = BUILT_PRODUCTS_DIR; };
		204301102D73410B003C42AD /* fixproUITests.xctest */ = {isa = PBXFileReference; explicitFileType = wrapper.cfbundle; includeInIndex = 0; path = fixproUITests.xctest; sourceTree = BUILT_PRODUCTS_DIR; };
/* End PBXFileReference section */

/* Begin PBXFileSystemSynchronizedBuildFileExceptionSet section */
		204301182D73410B003C42AD /* Exceptions for "fixpro" folder in "fixpro" target */ = {
			isa = PBXFileSystemSynchronizedBuildFileExceptionSet;
			membershipExceptions = (
				Info.plist,
			);
			target = 204300EF2D73410A003C42AD /* fixpro */;
		};
/* End PBXFileSystemSynchronizedBuildFileExceptionSet section */

/* Begin PBXFileSystemSynchronizedRootGroup section */
		204300F22D73410A003C42AD /* fixpro */ = {
			isa = PBXFileSystemSynchronizedRootGroup;
			exceptions = (
				204301182D73410B003C42AD /* Exceptions for "fixpro" folder in "fixpro" target */,
			);
			path = fixpro;
			sourceTree = "<group>";
		};
		204301092D73410B003C42AD /* fixproTests */ = {
			isa = PBXFileSystemSynchronizedRootGroup;
			path = fixproTests;
			sourceTree = "<group>";
		};
		204301132D73410B003C42AD /* fixproUITests */ = {
			isa = PBXFileSystemSynchronizedRootGroup;
			path = fixproUITests;
			sourceTree = "<group>";
		};
/* End PBXFileSystemSynchronizedRootGroup section */

/* Begin PBXFrameworksBuildPhase section */
		204300ED2D73410A003C42AD /* Frameworks */ = {
			isa = PBXFrameworksBuildPhase;
			buildActionMask = 2147483647;
			files = (
				2082F6682D829B1E0028BE25 /* FirebaseMessaging in Frameworks */,
				20F956922D7342F200813695 /* RIBs in Frameworks */,
				2082F6662D829B1E0028BE25 /* FirebaseCore in Frameworks */,
				200AE1652D90623100E2C292 /* OpenAPIURLSession in Frameworks */,
				204F23342D8DB96F005FC2BE /* OpenAPIRuntime in Frameworks */,
				20F9568F2D7342DE00813695 /* SnapKit in Frameworks */,
			);
			runOnlyForDeploymentPostprocessing = 0;
		};
		204301032D73410B003C42AD /* Frameworks */ = {
			isa = PBXFrameworksBuildPhase;
			buildActionMask = 2147483647;
			files = (
			);
			runOnlyForDeploymentPostprocessing = 0;
		};
		2043010D2D73410B003C42AD /* Frameworks */ = {
			isa = PBXFrameworksBuildPhase;
			buildActionMask = 2147483647;
			files = (
			);
			runOnlyForDeploymentPostprocessing = 0;
		};
/* End PBXFrameworksBuildPhase section */

/* Begin PBXGroup section */
		204300E72D73410A003C42AD = {
			isa = PBXGroup;
			children = (
				204300F22D73410A003C42AD /* fixpro */,
				204301092D73410B003C42AD /* fixproTests */,
				204301132D73410B003C42AD /* fixproUITests */,
				204300F12D73410A003C42AD /* Products */,
			);
			sourceTree = "<group>";
		};
		204300F12D73410A003C42AD /* Products */ = {
			isa = PBXGroup;
			children = (
				204300F02D73410A003C42AD /* fixpro.app */,
				204301062D73410B003C42AD /* fixproTests.xctest */,
				204301102D73410B003C42AD /* fixproUITests.xctest */,
			);
			name = Products;
			sourceTree = "<group>";
		};
/* End PBXGroup section */

/* Begin PBXNativeTarget section */
		204300EF2D73410A003C42AD /* fixpro */ = {
			isa = PBXNativeTarget;
			buildConfigurationList = 204301192D73410B003C42AD /* Build configuration list for PBXNativeTarget "fixpro" */;
			buildPhases = (
				204300EC2D73410A003C42AD /* Sources */,
				204300ED2D73410A003C42AD /* Frameworks */,
				204300EE2D73410A003C42AD /* Resources */,
			);
			buildRules = (
			);
			dependencies = (
				200AE1672D90624700E2C292 /* PBXTargetDependency */,
			);
			fileSystemSynchronizedGroups = (
				204300F22D73410A003C42AD /* fixpro */,
			);
			name = fixpro;
			packageProductDependencies = (
				20F9568E2D7342DE00813695 /* SnapKit */,
				20F956912D7342F200813695 /* RIBs */,
				2082F6652D829B1E0028BE25 /* FirebaseCore */,
				2082F6672D829B1E0028BE25 /* FirebaseMessaging */,
				204F23332D8DB96F005FC2BE /* OpenAPIRuntime */,
				200AE1642D90623100E2C292 /* OpenAPIURLSession */,
			);
			productName = fixpro;
			productReference = 204300F02D73410A003C42AD /* fixpro.app */;
			productType = "com.apple.product-type.application";
		};
		204301052D73410B003C42AD /* fixproTests */ = {
			isa = PBXNativeTarget;
			buildConfigurationList = 2043011E2D73410B003C42AD /* Build configuration list for PBXNativeTarget "fixproTests" */;
			buildPhases = (
				204301022D73410B003C42AD /* Sources */,
				204301032D73410B003C42AD /* Frameworks */,
				204301042D73410B003C42AD /* Resources */,
			);
			buildRules = (
			);
			dependencies = (
				204301082D73410B003C42AD /* PBXTargetDependency */,
			);
			fileSystemSynchronizedGroups = (
				204301092D73410B003C42AD /* fixproTests */,
			);
			name = fixproTests;
			packageProductDependencies = (
			);
			productName = fixproTests;
			productReference = 204301062D73410B003C42AD /* fixproTests.xctest */;
			productType = "com.apple.product-type.bundle.unit-test";
		};
		2043010F2D73410B003C42AD /* fixproUITests */ = {
			isa = PBXNativeTarget;
			buildConfigurationList = 204301212D73410B003C42AD /* Build configuration list for PBXNativeTarget "fixproUITests" */;
			buildPhases = (
				2043010C2D73410B003C42AD /* Sources */,
				2043010D2D73410B003C42AD /* Frameworks */,
				2043010E2D73410B003C42AD /* Resources */,
			);
			buildRules = (
			);
			dependencies = (
				204301122D73410B003C42AD /* PBXTargetDependency */,
			);
			fileSystemSynchronizedGroups = (
				204301132D73410B003C42AD /* fixproUITests */,
			);
			name = fixproUITests;
			packageProductDependencies = (
			);
			productName = fixproUITests;
			productReference = 204301102D73410B003C42AD /* fixproUITests.xctest */;
			productType = "com.apple.product-type.bundle.ui-testing";
		};
/* End PBXNativeTarget section */

/* Begin PBXProject section */
		204300E82D73410A003C42AD /* Project object */ = {
			isa = PBXProject;
			attributes = {
				BuildIndependentTargetsInParallel = 1;
				LastSwiftUpdateCheck = 1620;
				LastUpgradeCheck = 1620;
				TargetAttributes = {
					204300EF2D73410A003C42AD = {
						CreatedOnToolsVersion = 16.2;
					};
					204301052D73410B003C42AD = {
						CreatedOnToolsVersion = 16.2;
						TestTargetID = 204300EF2D73410A003C42AD;
					};
					2043010F2D73410B003C42AD = {
						CreatedOnToolsVersion = 16.2;
						TestTargetID = 204300EF2D73410A003C42AD;
					};
				};
			};
			buildConfigurationList = 204300EB2D73410A003C42AD /* Build configuration list for PBXProject "fixpro" */;
			developmentRegion = en;
			hasScannedForEncodings = 0;
			knownRegions = (
				en,
				Base,
			);
			mainGroup = 204300E72D73410A003C42AD;
			minimizedProjectReferenceProxies = 1;
			packageReferences = (
				20F9568D2D7342DE00813695 /* XCRemoteSwiftPackageReference "SnapKit" */,
				20F956902D7342F200813695 /* XCRemoteSwiftPackageReference "RIBs-iOS" */,
				2082F6642D829B1E0028BE25 /* XCRemoteSwiftPackageReference "firebase-ios-sdk" */,
				204F23312D8DB902005FC2BE /* XCRemoteSwiftPackageReference "swift-openapi-generator" */,
				204F23322D8DB96F005FC2BE /* XCRemoteSwiftPackageReference "swift-openapi-runtime" */,
				200AE1632D90623100E2C292 /* XCRemoteSwiftPackageReference "swift-openapi-urlsession" */,
			);
			preferredProjectObjectVersion = 77;
			productRefGroup = 204300F12D73410A003C42AD /* Products */;
			projectDirPath = "";
			projectRoot = "";
			targets = (
				204300EF2D73410A003C42AD /* fixpro */,
				204301052D73410B003C42AD /* fixproTests */,
				2043010F2D73410B003C42AD /* fixproUITests */,
			);
		};
/* End PBXProject section */

/* Begin PBXResourcesBuildPhase section */
		204300EE2D73410A003C42AD /* Resources */ = {
			isa = PBXResourcesBuildPhase;
			buildActionMask = 2147483647;
			files = (
			);
			runOnlyForDeploymentPostprocessing = 0;
		};
		204301042D73410B003C42AD /* Resources */ = {
			isa = PBXResourcesBuildPhase;
			buildActionMask = 2147483647;
			files = (
			);
			runOnlyForDeploymentPostprocessing = 0;
		};
		2043010E2D73410B003C42AD /* Resources */ = {
			isa = PBXResourcesBuildPhase;
			buildActionMask = 2147483647;
			files = (
			);
			runOnlyForDeploymentPostprocessing = 0;
		};
/* End PBXResourcesBuildPhase section */

/* Begin PBXSourcesBuildPhase section */
		204300EC2D73410A003C42AD /* Sources */ = {
			isa = PBXSourcesBuildPhase;
			buildActionMask = 2147483647;
			files = (
			);
			runOnlyForDeploymentPostprocessing = 0;
		};
		204301022D73410B003C42AD /* Sources */ = {
			isa = PBXSourcesBuildPhase;
			buildActionMask = 2147483647;
			files = (
			);
			runOnlyForDeploymentPostprocessing = 0;
		};
		2043010C2D73410B003C42AD /* Sources */ = {
			isa = PBXSourcesBuildPhase;
			buildActionMask = 2147483647;
			files = (
			);
			runOnlyForDeploymentPostprocessing = 0;
		};
/* End PBXSourcesBuildPhase section */

/* Begin PBXTargetDependency section */
		200AE1672D90624700E2C292 /* PBXTargetDependency */ = {
			isa = PBXTargetDependency;
			productRef = 200AE1662D90624700E2C292 /* OpenAPIGenerator */;
		};
		204301082D73410B003C42AD /* PBXTargetDependency */ = {
			isa = PBXTargetDependency;
			target = 204300EF2D73410A003C42AD /* fixpro */;
			targetProxy = 204301072D73410B003C42AD /* PBXContainerItemProxy */;
		};
		204301122D73410B003C42AD /* PBXTargetDependency */ = {
			isa = PBXTargetDependency;
			target = 204300EF2D73410A003C42AD /* fixpro */;
			targetProxy = 204301112D73410B003C42AD /* PBXContainerItemProxy */;
		};
/* End PBXTargetDependency section */

/* Begin XCBuildConfiguration section */
		2043011A2D73410B003C42AD /* Debug */ = {
			isa = XCBuildConfiguration;
			buildSettings = {
				ASSETCATALOG_COMPILER_APPICON_NAME = AppIcon;
				ASSETCATALOG_COMPILER_GLOBAL_ACCENT_COLOR_NAME = AccentColor;
				CODE_SIGN_ENTITLEMENTS = fixpro/fixpro.entitlements;
				CODE_SIGN_STYLE = Automatic;
				CURRENT_PROJECT_VERSION = 1;
				DEVELOPMENT_TEAM = STU45DAFT2;
				GENERATE_INFOPLIST_FILE = YES;
				INFOPLIST_FILE = fixpro/Info.plist;
				INFOPLIST_KEY_CFBundleDisplayName = FixPro;
				INFOPLIST_KEY_LSApplicationCategoryType = "public.app-category.productivity";
				INFOPLIST_KEY_NSCameraUsageDescription = "FixPro needs camera access to scan for qr-codes and to capture supportive documents for a Ticket.";
				INFOPLIST_KEY_UIApplicationSupportsIndirectInputEvents = YES;
				INFOPLIST_KEY_UILaunchStoryboardName = LaunchScreen;
				INFOPLIST_KEY_UIMainStoryboardFile = "";
				INFOPLIST_KEY_UISupportedInterfaceOrientations = "UIInterfaceOrientationPortrait UIInterfaceOrientationPortraitUpsideDown";
				IPHONEOS_DEPLOYMENT_TARGET = 18.0;
				LD_RUNPATH_SEARCH_PATHS = (
					"$(inherited)",
					"@executable_path/Frameworks",
				);
				MARKETING_VERSION = 1.0;
				PRODUCT_BUNDLE_IDENTIFIER = com.vinapp.fixpro;
				PRODUCT_NAME = "$(TARGET_NAME)";
				SWIFT_EMIT_LOC_STRINGS = YES;
				SWIFT_VERSION = 5.0;
				TARGETED_DEVICE_FAMILY = "1,2";
			};
			name = Debug;
		};
		2043011B2D73410B003C42AD /* Release */ = {
			isa = XCBuildConfiguration;
			buildSettings = {
				ASSETCATALOG_COMPILER_APPICON_NAME = AppIcon;
				ASSETCATALOG_COMPILER_GLOBAL_ACCENT_COLOR_NAME = AccentColor;
				CODE_SIGN_ENTITLEMENTS = fixpro/fixpro.entitlements;
				CODE_SIGN_STYLE = Automatic;
				CURRENT_PROJECT_VERSION = 1;
				DEVELOPMENT_TEAM = STU45DAFT2;
				GENERATE_INFOPLIST_FILE = YES;
				INFOPLIST_FILE = fixpro/Info.plist;
				INFOPLIST_KEY_CFBundleDisplayName = FixPro;
				INFOPLIST_KEY_LSApplicationCategoryType = "public.app-category.productivity";
				INFOPLIST_KEY_NSCameraUsageDescription = "FixPro needs camera access to scan for qr-codes and to capture supportive documents for a Ticket.";
				INFOPLIST_KEY_UIApplicationSupportsIndirectInputEvents = YES;
				INFOPLIST_KEY_UILaunchStoryboardName = LaunchScreen;
				INFOPLIST_KEY_UIMainStoryboardFile = "";
				INFOPLIST_KEY_UISupportedInterfaceOrientations = "UIInterfaceOrientationPortrait UIInterfaceOrientationPortraitUpsideDown";
				IPHONEOS_DEPLOYMENT_TARGET = 18.0;
				LD_RUNPATH_SEARCH_PATHS = (
					"$(inherited)",
					"@executable_path/Frameworks",
				);
				MARKETING_VERSION = 1.0;
				PRODUCT_BUNDLE_IDENTIFIER = com.vinapp.fixpro;
				PRODUCT_NAME = "$(TARGET_NAME)";
				SWIFT_EMIT_LOC_STRINGS = YES;
				SWIFT_VERSION = 5.0;
				TARGETED_DEVICE_FAMILY = "1,2";
			};
			name = Release;
		};
		2043011C2D73410B003C42AD /* Debug */ = {
			isa = XCBuildConfiguration;
			buildSettings = {
				ALWAYS_SEARCH_USER_PATHS = NO;
				ASSETCATALOG_COMPILER_GENERATE_SWIFT_ASSET_SYMBOL_EXTENSIONS = YES;
				CLANG_ANALYZER_NONNULL = YES;
				CLANG_ANALYZER_NUMBER_OBJECT_CONVERSION = YES_AGGRESSIVE;
				CLANG_CXX_LANGUAGE_STANDARD = "gnu++20";
				CLANG_ENABLE_MODULES = YES;
				CLANG_ENABLE_OBJC_ARC = YES;
				CLANG_ENABLE_OBJC_WEAK = YES;
				CLANG_WARN_BLOCK_CAPTURE_AUTORELEASING = YES;
				CLANG_WARN_BOOL_CONVERSION = YES;
				CLANG_WARN_COMMA = YES;
				CLANG_WARN_CONSTANT_CONVERSION = YES;
				CLANG_WARN_DEPRECATED_OBJC_IMPLEMENTATIONS = YES;
				CLANG_WARN_DIRECT_OBJC_ISA_USAGE = YES_ERROR;
				CLANG_WARN_DOCUMENTATION_COMMENTS = YES;
				CLANG_WARN_EMPTY_BODY = YES;
				CLANG_WARN_ENUM_CONVERSION = YES;
				CLANG_WARN_INFINITE_RECURSION = YES;
				CLANG_WARN_INT_CONVERSION = YES;
				CLANG_WARN_NON_LITERAL_NULL_CONVERSION = YES;
				CLANG_WARN_OBJC_IMPLICIT_RETAIN_SELF = YES;
				CLANG_WARN_OBJC_LITERAL_CONVERSION = YES;
				CLANG_WARN_OBJC_ROOT_CLASS = YES_ERROR;
				CLANG_WARN_QUOTED_INCLUDE_IN_FRAMEWORK_HEADER = YES;
				CLANG_WARN_RANGE_LOOP_ANALYSIS = YES;
				CLANG_WARN_STRICT_PROTOTYPES = YES;
				CLANG_WARN_SUSPICIOUS_MOVE = YES;
				CLANG_WARN_UNGUARDED_AVAILABILITY = YES_AGGRESSIVE;
				CLANG_WARN_UNREACHABLE_CODE = YES;
				CLANG_WARN__DUPLICATE_METHOD_MATCH = YES;
				COPY_PHASE_STRIP = NO;
				DEBUG_INFORMATION_FORMAT = dwarf;
				ENABLE_STRICT_OBJC_MSGSEND = YES;
				ENABLE_TESTABILITY = YES;
				ENABLE_USER_SCRIPT_SANDBOXING = YES;
				GCC_C_LANGUAGE_STANDARD = gnu17;
				GCC_DYNAMIC_NO_PIC = NO;
				GCC_NO_COMMON_BLOCKS = YES;
				GCC_OPTIMIZATION_LEVEL = 0;
				GCC_PREPROCESSOR_DEFINITIONS = (
					"DEBUG=1",
					"$(inherited)",
				);
				GCC_WARN_64_TO_32_BIT_CONVERSION = YES;
				GCC_WARN_ABOUT_RETURN_TYPE = YES_ERROR;
				GCC_WARN_UNDECLARED_SELECTOR = YES;
				GCC_WARN_UNINITIALIZED_AUTOS = YES_AGGRESSIVE;
				GCC_WARN_UNUSED_FUNCTION = YES;
				GCC_WARN_UNUSED_VARIABLE = YES;
				IPHONEOS_DEPLOYMENT_TARGET = 18.2;
				LOCALIZATION_PREFERS_STRING_CATALOGS = YES;
				MTL_ENABLE_DEBUG_INFO = INCLUDE_SOURCE;
				MTL_FAST_MATH = YES;
				ONLY_ACTIVE_ARCH = YES;
				SDKROOT = iphoneos;
				SWIFT_ACTIVE_COMPILATION_CONDITIONS = "DEBUG $(inherited)";
				SWIFT_EMIT_LOC_STRINGS = YES;
				SWIFT_OPTIMIZATION_LEVEL = "-Onone";
			};
			name = Debug;
		};
		2043011D2D73410B003C42AD /* Release */ = {
			isa = XCBuildConfiguration;
			buildSettings = {
				ALWAYS_SEARCH_USER_PATHS = NO;
				ASSETCATALOG_COMPILER_GENERATE_SWIFT_ASSET_SYMBOL_EXTENSIONS = YES;
				CLANG_ANALYZER_NONNULL = YES;
				CLANG_ANALYZER_NUMBER_OBJECT_CONVERSION = YES_AGGRESSIVE;
				CLANG_CXX_LANGUAGE_STANDARD = "gnu++20";
				CLANG_ENABLE_MODULES = YES;
				CLANG_ENABLE_OBJC_ARC = YES;
				CLANG_ENABLE_OBJC_WEAK = YES;
				CLANG_WARN_BLOCK_CAPTURE_AUTORELEASING = YES;
				CLANG_WARN_BOOL_CONVERSION = YES;
				CLANG_WARN_COMMA = YES;
				CLANG_WARN_CONSTANT_CONVERSION = YES;
				CLANG_WARN_DEPRECATED_OBJC_IMPLEMENTATIONS = YES;
				CLANG_WARN_DIRECT_OBJC_ISA_USAGE = YES_ERROR;
				CLANG_WARN_DOCUMENTATION_COMMENTS = YES;
				CLANG_WARN_EMPTY_BODY = YES;
				CLANG_WARN_ENUM_CONVERSION = YES;
				CLANG_WARN_INFINITE_RECURSION = YES;
				CLANG_WARN_INT_CONVERSION = YES;
				CLANG_WARN_NON_LITERAL_NULL_CONVERSION = YES;
				CLANG_WARN_OBJC_IMPLICIT_RETAIN_SELF = YES;
				CLANG_WARN_OBJC_LITERAL_CONVERSION = YES;
				CLANG_WARN_OBJC_ROOT_CLASS = YES_ERROR;
				CLANG_WARN_QUOTED_INCLUDE_IN_FRAMEWORK_HEADER = YES;
				CLANG_WARN_RANGE_LOOP_ANALYSIS = YES;
				CLANG_WARN_STRICT_PROTOTYPES = YES;
				CLANG_WARN_SUSPICIOUS_MOVE = YES;
				CLANG_WARN_UNGUARDED_AVAILABILITY = YES_AGGRESSIVE;
				CLANG_WARN_UNREACHABLE_CODE = YES;
				CLANG_WARN__DUPLICATE_METHOD_MATCH = YES;
				COPY_PHASE_STRIP = NO;
				DEBUG_INFORMATION_FORMAT = "dwarf-with-dsym";
				ENABLE_NS_ASSERTIONS = NO;
				ENABLE_STRICT_OBJC_MSGSEND = YES;
				ENABLE_USER_SCRIPT_SANDBOXING = YES;
				GCC_C_LANGUAGE_STANDARD = gnu17;
				GCC_NO_COMMON_BLOCKS = YES;
				GCC_WARN_64_TO_32_BIT_CONVERSION = YES;
				GCC_WARN_ABOUT_RETURN_TYPE = YES_ERROR;
				GCC_WARN_UNDECLARED_SELECTOR = YES;
				GCC_WARN_UNINITIALIZED_AUTOS = YES_AGGRESSIVE;
				GCC_WARN_UNUSED_FUNCTION = YES;
				GCC_WARN_UNUSED_VARIABLE = YES;
				IPHONEOS_DEPLOYMENT_TARGET = 18.2;
				LOCALIZATION_PREFERS_STRING_CATALOGS = YES;
				MTL_ENABLE_DEBUG_INFO = NO;
				MTL_FAST_MATH = YES;
				SDKROOT = iphoneos;
				SWIFT_COMPILATION_MODE = wholemodule;
				SWIFT_EMIT_LOC_STRINGS = YES;
				VALIDATE_PRODUCT = YES;
			};
			name = Release;
		};
		2043011F2D73410B003C42AD /* Debug */ = {
			isa = XCBuildConfiguration;
			buildSettings = {
				BUNDLE_LOADER = "$(TEST_HOST)";
				CODE_SIGN_STYLE = Automatic;
				CURRENT_PROJECT_VERSION = 1;
				DEVELOPMENT_TEAM = STU45DAFT2;
				GENERATE_INFOPLIST_FILE = YES;
				IPHONEOS_DEPLOYMENT_TARGET = 18.2;
				MARKETING_VERSION = 1.0;
				PRODUCT_BUNDLE_IDENTIFIER = com.vinapp.fixproTests;
				PRODUCT_NAME = "$(TARGET_NAME)";
				SWIFT_EMIT_LOC_STRINGS = NO;
				SWIFT_VERSION = 5.0;
				TARGETED_DEVICE_FAMILY = "1,2";
				TEST_HOST = "$(BUILT_PRODUCTS_DIR)/fixpro.app/$(BUNDLE_EXECUTABLE_FOLDER_PATH)/fixpro";
			};
			name = Debug;
		};
		204301202D73410B003C42AD /* Release */ = {
			isa = XCBuildConfiguration;
			buildSettings = {
				BUNDLE_LOADER = "$(TEST_HOST)";
				CODE_SIGN_STYLE = Automatic;
				CURRENT_PROJECT_VERSION = 1;
				DEVELOPMENT_TEAM = STU45DAFT2;
				GENERATE_INFOPLIST_FILE = YES;
				IPHONEOS_DEPLOYMENT_TARGET = 18.2;
				MARKETING_VERSION = 1.0;
				PRODUCT_BUNDLE_IDENTIFIER = com.vinapp.fixproTests;
				PRODUCT_NAME = "$(TARGET_NAME)";
				SWIFT_EMIT_LOC_STRINGS = NO;
				SWIFT_VERSION = 5.0;
				TARGETED_DEVICE_FAMILY = "1,2";
				TEST_HOST = "$(BUILT_PRODUCTS_DIR)/fixpro.app/$(BUNDLE_EXECUTABLE_FOLDER_PATH)/fixpro";
			};
			name = Release;
		};
		204301222D73410B003C42AD /* Debug */ = {
			isa = XCBuildConfiguration;
			buildSettings = {
				CODE_SIGN_STYLE = Automatic;
				CURRENT_PROJECT_VERSION = 1;
				DEVELOPMENT_TEAM = STU45DAFT2;
				GENERATE_INFOPLIST_FILE = YES;
				MARKETING_VERSION = 1.0;
				PRODUCT_BUNDLE_IDENTIFIER = com.vinapp.fixproUITests;
				PRODUCT_NAME = "$(TARGET_NAME)";
				SWIFT_EMIT_LOC_STRINGS = NO;
				SWIFT_VERSION = 5.0;
				TARGETED_DEVICE_FAMILY = "1,2";
				TEST_TARGET_NAME = fixpro;
			};
			name = Debug;
		};
		204301232D73410B003C42AD /* Release */ = {
			isa = XCBuildConfiguration;
			buildSettings = {
				CODE_SIGN_STYLE = Automatic;
				CURRENT_PROJECT_VERSION = 1;
				DEVELOPMENT_TEAM = STU45DAFT2;
				GENERATE_INFOPLIST_FILE = YES;
				MARKETING_VERSION = 1.0;
				PRODUCT_BUNDLE_IDENTIFIER = com.vinapp.fixproUITests;
				PRODUCT_NAME = "$(TARGET_NAME)";
				SWIFT_EMIT_LOC_STRINGS = NO;
				SWIFT_VERSION = 5.0;
				TARGETED_DEVICE_FAMILY = "1,2";
				TEST_TARGET_NAME = fixpro;
			};
			name = Release;
		};
/* End XCBuildConfiguration section */

/* Begin XCConfigurationList section */
		204300EB2D73410A003C42AD /* Build configuration list for PBXProject "fixpro" */ = {
			isa = XCConfigurationList;
			buildConfigurations = (
				2043011C2D73410B003C42AD /* Debug */,
				2043011D2D73410B003C42AD /* Release */,
			);
			defaultConfigurationIsVisible = 0;
			defaultConfigurationName = Release;
		};
		204301192D73410B003C42AD /* Build configuration list for PBXNativeTarget "fixpro" */ = {
			isa = XCConfigurationList;
			buildConfigurations = (
				2043011A2D73410B003C42AD /* Debug */,
				2043011B2D73410B003C42AD /* Release */,
			);
			defaultConfigurationIsVisible = 0;
			defaultConfigurationName = Release;
		};
		2043011E2D73410B003C42AD /* Build configuration list for PBXNativeTarget "fixproTests" */ = {
			isa = XCConfigurationList;
			buildConfigurations = (
				2043011F2D73410B003C42AD /* Debug */,
				204301202D73410B003C42AD /* Release */,
			);
			defaultConfigurationIsVisible = 0;
			defaultConfigurationName = Release;
		};
		204301212D73410B003C42AD /* Build configuration list for PBXNativeTarget "fixproUITests" */ = {
			isa = XCConfigurationList;
			buildConfigurations = (
				204301222D73410B003C42AD /* Debug */,
				204301232D73410B003C42AD /* Release */,
			);
			defaultConfigurationIsVisible = 0;
			defaultConfigurationName = Release;
		};
/* End XCConfigurationList section */

/* Begin XCRemoteSwiftPackageReference section */
		200AE1632D90623100E2C292 /* XCRemoteSwiftPackageReference "swift-openapi-urlsession" */ = {
			isa = XCRemoteSwiftPackageReference;
			repositoryURL = "https://github.com/apple/swift-openapi-urlsession.git";
			requirement = {
				kind = upToNextMajorVersion;
				minimumVersion = 1.0.2;
			};
		};
		204F23312D8DB902005FC2BE /* XCRemoteSwiftPackageReference "swift-openapi-generator" */ = {
			isa = XCRemoteSwiftPackageReference;
			repositoryURL = "https://github.com/apple/swift-openapi-generator";
			requirement = {
				kind = upToNextMajorVersion;
				minimumVersion = 1.7.1;
			};
		};
		204F23322D8DB96F005FC2BE /* XCRemoteSwiftPackageReference "swift-openapi-runtime" */ = {
			isa = XCRemoteSwiftPackageReference;
			repositoryURL = "https://github.com/apple/swift-openapi-runtime";
			requirement = {
				kind = upToNextMajorVersion;
				minimumVersion = 1.8.1;
			};
		};
		2082F6642D829B1E0028BE25 /* XCRemoteSwiftPackageReference "firebase-ios-sdk" */ = {
			isa = XCRemoteSwiftPackageReference;
			repositoryURL = "https://github.com/firebase/firebase-ios-sdk";
			requirement = {
				kind = upToNextMajorVersion;
				minimumVersion = 11.9.0;
			};
		};
		20F9568D2D7342DE00813695 /* XCRemoteSwiftPackageReference "SnapKit" */ = {
			isa = XCRemoteSwiftPackageReference;
			repositoryURL = "https://github.com/SnapKit/SnapKit.git";
			requirement = {
				kind = upToNextMajorVersion;
				minimumVersion = 5.7.1;
			};
		};
		20F956902D7342F200813695 /* XCRemoteSwiftPackageReference "RIBs-iOS" */ = {
			isa = XCRemoteSwiftPackageReference;
			repositoryURL = "https://github.com/uber/RIBs-iOS.git";
			requirement = {
				kind = upToNextMajorVersion;
				minimumVersion = 0.9.2;
			};
		};
/* End XCRemoteSwiftPackageReference section */

/* Begin XCSwiftPackageProductDependency section */
		200AE1642D90623100E2C292 /* OpenAPIURLSession */ = {
			isa = XCSwiftPackageProductDependency;
			package = 200AE1632D90623100E2C292 /* XCRemoteSwiftPackageReference "swift-openapi-urlsession" */;
			productName = OpenAPIURLSession;
		};
		200AE1662D90624700E2C292 /* OpenAPIGenerator */ = {
			isa = XCSwiftPackageProductDependency;
			package = 204F23312D8DB902005FC2BE /* XCRemoteSwiftPackageReference "swift-openapi-generator" */;
			productName = "plugin:OpenAPIGenerator";
		};
		204F23332D8DB96F005FC2BE /* OpenAPIRuntime */ = {
			isa = XCSwiftPackageProductDependency;
			package = 204F23322D8DB96F005FC2BE /* XCRemoteSwiftPackageReference "swift-openapi-runtime" */;
			productName = OpenAPIRuntime;
		};
		2082F6652D829B1E0028BE25 /* FirebaseCore */ = {
			isa = XCSwiftPackageProductDependency;
			package = 2082F6642D829B1E0028BE25 /* XCRemoteSwiftPackageReference "firebase-ios-sdk" */;
			productName = FirebaseCore;
		};
		2082F6672D829B1E0028BE25 /* FirebaseMessaging */ = {
			isa = XCSwiftPackageProductDependency;
			package = 2082F6642D829B1E0028BE25 /* XCRemoteSwiftPackageReference "firebase-ios-sdk" */;
			productName = FirebaseMessaging;
		};
		20F9568E2D7342DE00813695 /* SnapKit */ = {
			isa = XCSwiftPackageProductDependency;
			package = 20F9568D2D7342DE00813695 /* XCRemoteSwiftPackageReference "SnapKit" */;
			productName = SnapKit;
		};
		20F956912D7342F200813695 /* RIBs */ = {
			isa = XCSwiftPackageProductDependency;
			package = 20F956902D7342F200813695 /* XCRemoteSwiftPackageReference "RIBs-iOS" */;
			productName = RIBs;
		};
/* End XCSwiftPackageProductDependency section */
	};
	rootObject = 204300E82D73410A003C42AD /* Project object */;
}
